
Microsoft Visual Studio Solution File, Format Version 12.00
# Visual Studio Version 16
VisualStudioVersion = 16.0.31702.278
MinimumVisualStudioVersion = 10.0.40219.1
Project("{FAE04EC0-301F-11D3-BF4B-00C04F79EFBC}") = "tydzien2lekcja8zadanie5", "tydzien2lekcja8zadanie5\tydzien2lekcja8zadanie5.csproj", "{0A7ECD2F-7ABF-4C2D-B981-AFECCB206032}"
EndProject
Global
	GlobalSection(SolutionConfigurationPlatforms) = preSolution
		Debug|Any CPU = Debug|Any CPU
		Release|Any CPU = Release|Any CPU
	EndGlobalSection
	GlobalSection(ProjectConfigurationPlatforms) = postSolution
		{0A7ECD2F-7ABF-4C2D-B981-AFECCB206032}.Debug|Any CPU.ActiveCfg = Debug|Any CPU
		{0A7ECD2F-7ABF-4C2D-B981-AFECCB206032}.Debug|Any CPU.Build.0 = Debug|Any CPU
		{0A7ECD2F-7ABF-4C2D-B981-AFECCB206032}.Release|Any CPU.ActiveCfg = Release|Any CPU
		{0A7ECD2F-7ABF-4C2D-B981-AFECCB206032}.Release|Any CPU.Build.0 = Release|Any CPU
	EndGlobalSection
	GlobalSection(SolutionProperties) = preSolution
		HideSolutionNode = FALSE
	EndGlobalSection
	GlobalSection(ExtensibilityGlobals) = postSolution
		SolutionGuid = {F544477B-6206-4303-9915-D19EFB5EAE87}
	EndGlobalSection
EndGlobal
